
Microsoft Visual Studio Solution File, Format Version 12.00
# Visual Studio Version 17
VisualStudioVersion = 17.10.35013.160
MinimumVisualStudioVersion = 10.0.40219.1
Project("{9A19103F-16F7-4668-BE54-9A1E7A4F7556}") = "UrlGeneratorService", "UrlGeneratorService.csproj", "{9F8CD276-58F0-4AE6-B17B-A6C1667CDE4C}"
EndProject
Project("{FAE04EC0-301F-11D3-BF4B-00C04F79EFBC}") = "UrlGeneratorService.Tests", "..\UrlGeneratorService.Tests\UrlGeneratorService.Tests.csproj", "{48B37180-4BA3-46B8-926D-E2EAC5253AF4}"
EndProject
Global
	GlobalSection(SolutionConfigurationPlatforms) = preSolution
		Debug|Any CPU = Debug|Any CPU
		Release|Any CPU = Release|Any CPU
	EndGlobalSection
	GlobalSection(ProjectConfigurationPlatforms) = postSolution
		{9F8CD276-58F0-4AE6-B17B-A6C1667CDE4C}.Debug|Any CPU.ActiveCfg = Debug|Any CPU
		{9F8CD276-58F0-4AE6-B17B-A6C1667CDE4C}.Debug|Any CPU.Build.0 = Debug|Any CPU
		{9F8CD276-58F0-4AE6-B17B-A6C1667CDE4C}.Release|Any CPU.ActiveCfg = Release|Any CPU
		{9F8CD276-58F0-4AE6-B17B-A6C1667CDE4C}.Release|Any CPU.Build.0 = Release|Any CPU
		{48B37180-4BA3-46B8-926D-E2EAC5253AF4}.Debug|Any CPU.ActiveCfg = Debug|Any CPU
		{48B37180-4BA3-46B8-926D-E2EAC5253AF4}.Debug|Any CPU.Build.0 = Debug|Any CPU
		{48B37180-4BA3-46B8-926D-E2EAC5253AF4}.Release|Any CPU.ActiveCfg = Release|Any CPU
		{48B37180-4BA3-46B8-926D-E2EAC5253AF4}.Release|Any CPU.Build.0 = Release|Any CPU
	EndGlobalSection
	GlobalSection(SolutionProperties) = preSolution
		HideSolutionNode = FALSE
	EndGlobalSection
	GlobalSection(ExtensibilityGlobals) = postSolution
		SolutionGuid = {C7765E3D-6A4F-4F50-9ACB-820B9C2EA4AC}
	EndGlobalSection
EndGlobal
